# This file is automatically @generated by Cargo.
# It is not intended for manual editing.
[[package]]
name = "arrayref"
version = "0.3.5"
source = "registry+https://github.com/rust-lang/crates.io-index"

[[package]]
name = "crc16"
version = "0.4.0"
source = "registry+https://github.com/rust-lang/crates.io-index"

[[package]]
name = "rbf-chunker"
version = "0.1.0"
dependencies = [
 "arrayref 0.3.5 (registry+https://github.com/rust-lang/crates.io-index)",
 "crc16 0.4.0 (registry+https://github.com/rust-lang/crates.io-index)",
]

[metadata]
"checksum arrayref 0.3.5 (registry+https://github.com/rust-lang/crates.io-index)" = "0d382e583f07208808f6b1249e60848879ba3543f57c32277bf52d69c2f0f0ee"
"checksum crc16 0.4.0 (registry+https://github.com/rust-lang/crates.io-index)" = "338089f42c427b86394a5ee60ff321da23a5c89c9d89514c829687b26359fcff"
